
Microsoft Visual Studio Solution File, Format Version 11.00
# Visual C# Express 2010
Project("{FAE04EC0-301F-11D3-BF4B-00C04F79EFBC}") = "Factory Mod Config Creator", "Factory Mod Config Creator\Factory Mod Config Creator.csproj", "{C7E11C32-407B-485F-820D-19D25AF03B75}"
EndProject
Global
	GlobalSection(SolutionConfigurationPlatforms) = preSolution
		Debug|x86 = Debug|x86
		Release|x86 = Release|x86
	EndGlobalSection
	GlobalSection(ProjectConfigurationPlatforms) = postSolution
		{C7E11C32-407B-485F-820D-19D25AF03B75}.Debug|x86.ActiveCfg = Debug|x86
		{C7E11C32-407B-485F-820D-19D25AF03B75}.Debug|x86.Build.0 = Debug|x86
		{C7E11C32-407B-485F-820D-19D25AF03B75}.Release|x86.ActiveCfg = Release|x86
		{C7E11C32-407B-485F-820D-19D25AF03B75}.Release|x86.Build.0 = Release|x86
	EndGlobalSection
	GlobalSection(SolutionProperties) = preSolution
		HideSolutionNode = FALSE
	EndGlobalSection
EndGlobal
